
Microsoft Visual Studio Solution File, Format Version 12.00
# Visual Studio Version 17
VisualStudioVersion = 17.10.35122.118
MinimumVisualStudioVersion = 10.0.40219.1
Project("{8BC9CEB8-8B4A-11D0-8D11-00A0C91BC942}") = "Problem01", "Problem1\Problem1.vcxproj", "{C1D6A4DB-79ED-4F17-95A3-6E56B57D59F7}"
EndProject
Project("{8BC9CEB8-8B4A-11D0-8D11-00A0C91BC942}") = "Problem02", "Problem2\Problem2.vcxproj", "{22ED092A-D172-438B-A55C-DB7521FA8430}"
EndProject
Project("{8BC9CEB8-8B4A-11D0-8D11-00A0C91BC942}") = "Problem03", "Problem3\Problem3.vcxproj", "{7AFF9BAF-FF44-421C-A755-A81DA68F41E3}"
EndProject
Project("{8BC9CEB8-8B4A-11D0-8D11-00A0C91BC942}") = "Problem04", "Problem4\Problem4.vcxproj", "{84A2CF62-FED4-4406-B348-39574CE3E421}"
EndProject
Project("{8BC9CEB8-8B4A-11D0-8D11-00A0C91BC942}") = "Problem05", "Problem5\Problem5.vcxproj", "{3674976E-8ADA-491A-869E-FA16B8B4BF95}"
EndProject
Project("{8BC9CEB8-8B4A-11D0-8D11-00A0C91BC942}") = "Problem06", "Problem6\Problem6.vcxproj", "{F21E409A-B2A2-4703-A210-7EB55C72410F}"
EndProject
Project("{8BC9CEB8-8B4A-11D0-8D11-00A0C91BC942}") = "Problem07", "Problem7\Problem7.vcxproj", "{AD6C5537-2C85-49FC-AEAF-4734847A915A}"
EndProject
Project("{8BC9CEB8-8B4A-11D0-8D11-00A0C91BC942}") = "Problem08", "Problem8\Problem8.vcxproj", "{22669AE9-98A8-40D2-8793-4E99DE998380}"
EndProject
Project("{8BC9CEB8-8B4A-11D0-8D11-00A0C91BC942}") = "Problem09", "Problem9\Problem9.vcxproj", "{E5F6233C-1171-4334-9350-5567699E04B4}"
EndProject
Project("{8BC9CEB8-8B4A-11D0-8D11-00A0C91BC942}") = "Problem10", "Problem10\Problem10.vcxproj", "{2F62CE27-F6C6-415F-8A79-23F8D1F9492C}"
EndProject
Project("{8BC9CEB8-8B4A-11D0-8D11-00A0C91BC942}") = "Problem11", "Problem11\Problem11.vcxproj", "{1A303C5E-F4F9-410A-9392-B168B1413EFD}"
EndProject
Project("{8BC9CEB8-8B4A-11D0-8D11-00A0C91BC942}") = "Problem12", "Problem12\Problem12.vcxproj", "{A0A243C7-2E01-46B9-AE7A-A64387A5E991}"
EndProject
Project("{8BC9CEB8-8B4A-11D0-8D11-00A0C91BC942}") = "Problem13", "Problem13\Problem13.vcxproj", "{5D8344E7-2E40-4806-BDB9-D3FD06DEC500}"
EndProject
Project("{8BC9CEB8-8B4A-11D0-8D11-00A0C91BC942}") = "Problem14", "Problem14\Problem14.vcxproj", "{280AF89D-2A96-4B3A-9117-D680E869CE71}"
EndProject
Project("{8BC9CEB8-8B4A-11D0-8D11-00A0C91BC942}") = "Problem15", "Problem15\Problem15.vcxproj", "{8790C597-4389-4D81-AFC2-2DE14EE14199}"
EndProject
Project("{8BC9CEB8-8B4A-11D0-8D11-00A0C91BC942}") = "Problem16", "Problem16\Problem16.vcxproj", "{F3CD9987-4585-4582-9C48-4E2EDA27C519}"
EndProject
Project("{8BC9CEB8-8B4A-11D0-8D11-00A0C91BC942}") = "Problem17", "Problem17\Problem17.vcxproj", "{DF5554A2-D1D3-4F80-9CEF-268AD9273666}"
EndProject
Project("{8BC9CEB8-8B4A-11D0-8D11-00A0C91BC942}") = "Problem18", "Problem18\Problem18.vcxproj", "{272B0CFE-3F75-4495-A3F8-1B510EE3CD8C}"
EndProject
Project("{8BC9CEB8-8B4A-11D0-8D11-00A0C91BC942}") = "Problem19", "Problem19\Problem19.vcxproj", "{149CAE4C-4BE9-4B96-9344-77C3580EA693}"
EndProject
Project("{8BC9CEB8-8B4A-11D0-8D11-00A0C91BC942}") = "Problem20-32", "Problem20-32\Problem20-32.vcxproj", "{722AD0C9-3C7F-447C-937C-44540170B178}"
EndProject
Project("{8BC9CEB8-8B4A-11D0-8D11-00A0C91BC942}") = "Problem33-46", "Problem33-46\Problem33-46.vcxproj", "{80877F03-7489-49B7-99A4-D6EEF6273E92}"
EndProject
Project("{8BC9CEB8-8B4A-11D0-8D11-00A0C91BC942}") = "Problem54", "Problem54\Problem54.vcxproj", "{F5B67555-2A1C-42D2-83C8-AE8D3825324D}"
EndProject
Project("{8BC9CEB8-8B4A-11D0-8D11-00A0C91BC942}") = "Problem57", "Problem57\Problem57.vcxproj", "{4512E8E0-BD10-4347-B542-AC3C66453C57}"
EndProject
Project("{8BC9CEB8-8B4A-11D0-8D11-00A0C91BC942}") = "Problem58", "Problem58\Problem58.vcxproj", "{580E0521-D895-4DD8-9992-FB0C64944705}"
EndProject
Global
	GlobalSection(SolutionConfigurationPlatforms) = preSolution
		Debug|x64 = Debug|x64
		Debug|x86 = Debug|x86
		Release|x64 = Release|x64
		Release|x86 = Release|x86
	EndGlobalSection
	GlobalSection(ProjectConfigurationPlatforms) = postSolution
		{C1D6A4DB-79ED-4F17-95A3-6E56B57D59F7}.Debug|x64.ActiveCfg = Debug|x64
		{C1D6A4DB-79ED-4F17-95A3-6E56B57D59F7}.Debug|x64.Build.0 = Debug|x64
		{C1D6A4DB-79ED-4F17-95A3-6E56B57D59F7}.Debug|x86.ActiveCfg = Debug|Win32
		{C1D6A4DB-79ED-4F17-95A3-6E56B57D59F7}.Debug|x86.Build.0 = Debug|Win32
		{C1D6A4DB-79ED-4F17-95A3-6E56B57D59F7}.Release|x64.ActiveCfg = Release|x64
		{C1D6A4DB-79ED-4F17-95A3-6E56B57D59F7}.Release|x64.Build.0 = Release|x64
		{C1D6A4DB-79ED-4F17-95A3-6E56B57D59F7}.Release|x86.ActiveCfg = Release|Win32
		{C1D6A4DB-79ED-4F17-95A3-6E56B57D59F7}.Release|x86.Build.0 = Release|Win32
		{22ED092A-D172-438B-A55C-DB7521FA8430}.Debug|x64.ActiveCfg = Debug|x64
		{22ED092A-D172-438B-A55C-DB7521FA8430}.Debug|x64.Build.0 = Debug|x64
		{22ED092A-D172-438B-A55C-DB7521FA8430}.Debug|x86.ActiveCfg = Debug|Win32
		{22ED092A-D172-438B-A55C-DB7521FA8430}.Debug|x86.Build.0 = Debug|Win32
		{22ED092A-D172-438B-A55C-DB7521FA8430}.Release|x64.ActiveCfg = Release|x64
		{22ED092A-D172-438B-A55C-DB7521FA8430}.Release|x64.Build.0 = Release|x64
		{22ED092A-D172-438B-A55C-DB7521FA8430}.Release|x86.ActiveCfg = Release|Win32
		{22ED092A-D172-438B-A55C-DB7521FA8430}.Release|x86.Build.0 = Release|Win32
		{7AFF9BAF-FF44-421C-A755-A81DA68F41E3}.Debug|x64.ActiveCfg = Debug|x64
		{7AFF9BAF-FF44-421C-A755-A81DA68F41E3}.Debug|x64.Build.0 = Debug|x64
		{7AFF9BAF-FF44-421C-A755-A81DA68F41E3}.Debug|x86.ActiveCfg = Debug|Win32
		{7AFF9BAF-FF44-421C-A755-A81DA68F41E3}.Debug|x86.Build.0 = Debug|Win32
		{7AFF9BAF-FF44-421C-A755-A81DA68F41E3}.Release|x64.ActiveCfg = Release|x64
		{7AFF9BAF-FF44-421C-A755-A81DA68F41E3}.Release|x64.Build.0 = Release|x64
		{7AFF9BAF-FF44-421C-A755-A81DA68F41E3}.Release|x86.ActiveCfg = Release|Win32
		{7AFF9BAF-FF44-421C-A755-A81DA68F41E3}.Release|x86.Build.0 = Release|Win32
		{84A2CF62-FED4-4406-B348-39574CE3E421}.Debug|x64.ActiveCfg = Debug|x64
		{84A2CF62-FED4-4406-B348-39574CE3E421}.Debug|x64.Build.0 = Debug|x64
		{84A2CF62-FED4-4406-B348-39574CE3E421}.Debug|x86.ActiveCfg = Debug|Win32
		{84A2CF62-FED4-4406-B348-39574CE3E421}.Debug|x86.Build.0 = Debug|Win32
		{84A2CF62-FED4-4406-B348-39574CE3E421}.Release|x64.ActiveCfg = Release|x64
		{84A2CF62-FED4-4406-B348-39574CE3E421}.Release|x64.Build.0 = Release|x64
		{84A2CF62-FED4-4406-B348-39574CE3E421}.Release|x86.ActiveCfg = Release|Win32
		{84A2CF62-FED4-4406-B348-39574CE3E421}.Release|x86.Build.0 = Release|Win32
		{3674976E-8ADA-491A-869E-FA16B8B4BF95}.Debug|x64.ActiveCfg = Debug|x64
		{3674976E-8ADA-491A-869E-FA16B8B4BF95}.Debug|x64.Build.0 = Debug|x64
		{3674976E-8ADA-491A-869E-FA16B8B4BF95}.Debug|x86.ActiveCfg = Debug|Win32
		{3674976E-8ADA-491A-869E-FA16B8B4BF95}.Debug|x86.Build.0 = Debug|Win32
		{3674976E-8ADA-491A-869E-FA16B8B4BF95}.Release|x64.ActiveCfg = Release|x64
		{3674976E-8ADA-491A-869E-FA16B8B4BF95}.Release|x64.Build.0 = Release|x64
		{3674976E-8ADA-491A-869E-FA16B8B4BF95}.Release|x86.ActiveCfg = Release|Win32
		{3674976E-8ADA-491A-869E-FA16B8B4BF95}.Release|x86.Build.0 = Release|Win32
		{F21E409A-B2A2-4703-A210-7EB55C72410F}.Debug|x64.ActiveCfg = Debug|x64
		{F21E409A-B2A2-4703-A210-7EB55C72410F}.Debug|x64.Build.0 = Debug|x64
		{F21E409A-B2A2-4703-A210-7EB55C72410F}.Debug|x86.ActiveCfg = Debug|Win32
		{F21E409A-B2A2-4703-A210-7EB55C72410F}.Debug|x86.Build.0 = Debug|Win32
		{F21E409A-B2A2-4703-A210-7EB55C72410F}.Release|x64.ActiveCfg = Release|x64
		{F21E409A-B2A2-4703-A210-7EB55C72410F}.Release|x64.Build.0 = Release|x64
		{F21E409A-B2A2-4703-A210-7EB55C72410F}.Release|x86.ActiveCfg = Release|Win32
		{F21E409A-B2A2-4703-A210-7EB55C72410F}.Release|x86.Build.0 = Release|Win32
		{AD6C5537-2C85-49FC-AEAF-4734847A915A}.Debug|x64.ActiveCfg = Debug|x64
		{AD6C5537-2C85-49FC-AEAF-4734847A915A}.Debug|x64.Build.0 = Debug|x64
		{AD6C5537-2C85-49FC-AEAF-4734847A915A}.Debug|x86.ActiveCfg = Debug|Win32
		{AD6C5537-2C85-49FC-AEAF-4734847A915A}.Debug|x86.Build.0 = Debug|Win32
		{AD6C5537-2C85-49FC-AEAF-4734847A915A}.Release|x64.ActiveCfg = Release|x64
		{AD6C5537-2C85-49FC-AEAF-4734847A915A}.Release|x64.Build.0 = Release|x64
		{AD6C5537-2C85-49FC-AEAF-4734847A915A}.Release|x86.ActiveCfg = Release|Win32
		{AD6C5537-2C85-49FC-AEAF-4734847A915A}.Release|x86.Build.0 = Release|Win32
		{22669AE9-98A8-40D2-8793-4E99DE998380}.Debug|x64.ActiveCfg = Debug|x64
		{22669AE9-98A8-40D2-8793-4E99DE998380}.Debug|x64.Build.0 = Debug|x64
		{22669AE9-98A8-40D2-8793-4E99DE998380}.Debug|x86.ActiveCfg = Debug|Win32
		{22669AE9-98A8-40D2-8793-4E99DE998380}.Debug|x86.Build.0 = Debug|Win32
		{22669AE9-98A8-40D2-8793-4E99DE998380}.Release|x64.ActiveCfg = Release|x64
		{22669AE9-98A8-40D2-8793-4E99DE998380}.Release|x64.Build.0 = Release|x64
		{22669AE9-98A8-40D2-8793-4E99DE998380}.Release|x86.ActiveCfg = Release|Win32
		{22669AE9-98A8-40D2-8793-4E99DE998380}.Release|x86.Build.0 = Release|Win32
		{E5F6233C-1171-4334-9350-5567699E04B4}.Debug|x64.ActiveCfg = Debug|x64
		{E5F6233C-1171-4334-9350-5567699E04B4}.Debug|x64.Build.0 = Debug|x64
		{E5F6233C-1171-4334-9350-5567699E04B4}.Debug|x86.ActiveCfg = Debug|Win32
		{E5F6233C-1171-4334-9350-5567699E04B4}.Debug|x86.Build.0 = Debug|Win32
		{E5F6233C-1171-4334-9350-5567699E04B4}.Release|x64.ActiveCfg = Release|x64
		{E5F6233C-1171-4334-9350-5567699E04B4}.Release|x64.Build.0 = Release|x64
		{E5F6233C-1171-4334-9350-5567699E04B4}.Release|x86.ActiveCfg = Release|Win32
		{E5F6233C-1171-4334-9350-5567699E04B4}.Release|x86.Build.0 = Release|Win32
		{2F62CE27-F6C6-415F-8A79-23F8D1F9492C}.Debug|x64.ActiveCfg = Debug|x64
		{2F62CE27-F6C6-415F-8A79-23F8D1F9492C}.Debug|x64.Build.0 = Debug|x64
		{2F62CE27-F6C6-415F-8A79-23F8D1F9492C}.Debug|x86.ActiveCfg = Debug|Win32
		{2F62CE27-F6C6-415F-8A79-23F8D1F9492C}.Debug|x86.Build.0 = Debug|Win32
		{2F62CE27-F6C6-415F-8A79-23F8D1F9492C}.Release|x64.ActiveCfg = Release|x64
		{2F62CE27-F6C6-415F-8A79-23F8D1F9492C}.Release|x64.Build.0 = Release|x64
		{2F62CE27-F6C6-415F-8A79-23F8D1F9492C}.Release|x86.ActiveCfg = Release|Win32
		{2F62CE27-F6C6-415F-8A79-23F8D1F9492C}.Release|x86.Build.0 = Release|Win32
		{1A303C5E-F4F9-410A-9392-B168B1413EFD}.Debug|x64.ActiveCfg = Debug|x64
		{1A303C5E-F4F9-410A-9392-B168B1413EFD}.Debug|x64.Build.0 = Debug|x64
		{1A303C5E-F4F9-410A-9392-B168B1413EFD}.Debug|x86.ActiveCfg = Debug|Win32
		{1A303C5E-F4F9-410A-9392-B168B1413EFD}.Debug|x86.Build.0 = Debug|Win32
		{1A303C5E-F4F9-410A-9392-B168B1413EFD}.Release|x64.ActiveCfg = Release|x64
		{1A303C5E-F4F9-410A-9392-B168B1413EFD}.Release|x64.Build.0 = Release|x64
		{1A303C5E-F4F9-410A-9392-B168B1413EFD}.Release|x86.ActiveCfg = Release|Win32
		{1A303C5E-F4F9-410A-9392-B168B1413EFD}.Release|x86.Build.0 = Release|Win32
		{A0A243C7-2E01-46B9-AE7A-A64387A5E991}.Debug|x64.ActiveCfg = Debug|x64
		{A0A243C7-2E01-46B9-AE7A-A64387A5E991}.Debug|x64.Build.0 = Debug|x64
		{A0A243C7-2E01-46B9-AE7A-A64387A5E991}.Debug|x86.ActiveCfg = Debug|Win32
		{A0A243C7-2E01-46B9-AE7A-A64387A5E991}.Debug|x86.Build.0 = Debug|Win32
		{A0A243C7-2E01-46B9-AE7A-A64387A5E991}.Release|x64.ActiveCfg = Release|x64
		{A0A243C7-2E01-46B9-AE7A-A64387A5E991}.Release|x64.Build.0 = Release|x64
		{A0A243C7-2E01-46B9-AE7A-A64387A5E991}.Release|x86.ActiveCfg = Release|Win32
		{A0A243C7-2E01-46B9-AE7A-A64387A5E991}.Release|x86.Build.0 = Release|Win32
		{5D8344E7-2E40-4806-BDB9-D3FD06DEC500}.Debug|x64.ActiveCfg = Debug|x64
		{5D8344E7-2E40-4806-BDB9-D3FD06DEC500}.Debug|x64.Build.0 = Debug|x64
		{5D8344E7-2E40-4806-BDB9-D3FD06DEC500}.Debug|x86.ActiveCfg = Debug|Win32
		{5D8344E7-2E40-4806-BDB9-D3FD06DEC500}.Debug|x86.Build.0 = Debug|Win32
		{5D8344E7-2E40-4806-BDB9-D3FD06DEC500}.Release|x64.ActiveCfg = Release|x64
		{5D8344E7-2E40-4806-BDB9-D3FD06DEC500}.Release|x64.Build.0 = Release|x64
		{5D8344E7-2E40-4806-BDB9-D3FD06DEC500}.Release|x86.ActiveCfg = Release|Win32
		{5D8344E7-2E40-4806-BDB9-D3FD06DEC500}.Release|x86.Build.0 = Release|Win32
		{280AF89D-2A96-4B3A-9117-D680E869CE71}.Debug|x64.ActiveCfg = Debug|x64
		{280AF89D-2A96-4B3A-9117-D680E869CE71}.Debug|x64.Build.0 = Debug|x64
		{280AF89D-2A96-4B3A-9117-D680E869CE71}.Debug|x86.ActiveCfg = Debug|Win32
		{280AF89D-2A96-4B3A-9117-D680E869CE71}.Debug|x86.Build.0 = Debug|Win32
		{280AF89D-2A96-4B3A-9117-D680E869CE71}.Release|x64.ActiveCfg = Release|x64
		{280AF89D-2A96-4B3A-9117-D680E869CE71}.Release|x64.Build.0 = Release|x64
		{280AF89D-2A96-4B3A-9117-D680E869CE71}.Release|x86.ActiveCfg = Release|Win32
		{280AF89D-2A96-4B3A-9117-D680E869CE71}.Release|x86.Build.0 = Release|Win32
		{8790C597-4389-4D81-AFC2-2DE14EE14199}.Debug|x64.ActiveCfg = Debug|x64
		{8790C597-4389-4D81-AFC2-2DE14EE14199}.Debug|x64.Build.0 = Debug|x64
		{8790C597-4389-4D81-AFC2-2DE14EE14199}.Debug|x86.ActiveCfg = Debug|Win32
		{8790C597-4389-4D81-AFC2-2DE14EE14199}.Debug|x86.Build.0 = Debug|Win32
		{8790C597-4389-4D81-AFC2-2DE14EE14199}.Release|x64.ActiveCfg = Release|x64
		{8790C597-4389-4D81-AFC2-2DE14EE14199}.Release|x64.Build.0 = Release|x64
		{8790C597-4389-4D81-AFC2-2DE14EE14199}.Release|x86.ActiveCfg = Release|Win32
		{8790C597-4389-4D81-AFC2-2DE14EE14199}.Release|x86.Build.0 = Release|Win32
		{F3CD9987-4585-4582-9C48-4E2EDA27C519}.Debug|x64.ActiveCfg = Debug|x64
		{F3CD9987-4585-4582-9C48-4E2EDA27C519}.Debug|x64.Build.0 = Debug|x64
		{F3CD9987-4585-4582-9C48-4E2EDA27C519}.Debug|x86.ActiveCfg = Debug|Win32
		{F3CD9987-4585-4582-9C48-4E2EDA27C519}.Debug|x86.Build.0 = Debug|Win32
		{F3CD9987-4585-4582-9C48-4E2EDA27C519}.Release|x64.ActiveCfg = Release|x64
		{F3CD9987-4585-4582-9C48-4E2EDA27C519}.Release|x64.Build.0 = Release|x64
		{F3CD9987-4585-4582-9C48-4E2EDA27C519}.Release|x86.ActiveCfg = Release|Win32
		{F3CD9987-4585-4582-9C48-4E2EDA27C519}.Release|x86.Build.0 = Release|Win32
		{DF5554A2-D1D3-4F80-9CEF-268AD9273666}.Debug|x64.ActiveCfg = Debug|x64
		{DF5554A2-D1D3-4F80-9CEF-268AD9273666}.Debug|x64.Build.0 = Debug|x64
		{DF5554A2-D1D3-4F80-9CEF-268AD9273666}.Debug|x86.ActiveCfg = Debug|Win32
		{DF5554A2-D1D3-4F80-9CEF-268AD9273666}.Debug|x86.Build.0 = Debug|Win32
		{DF5554A2-D1D3-4F80-9CEF-268AD9273666}.Release|x64.ActiveCfg = Release|x64
		{DF5554A2-D1D3-4F80-9CEF-268AD9273666}.Release|x64.Build.0 = Release|x64
		{DF5554A2-D1D3-4F80-9CEF-268AD9273666}.Release|x86.ActiveCfg = Release|Win32
		{DF5554A2-D1D3-4F80-9CEF-268AD9273666}.Release|x86.Build.0 = Release|Win32
		{272B0CFE-3F75-4495-A3F8-1B510EE3CD8C}.Debug|x64.ActiveCfg = Debug|x64
		{272B0CFE-3F75-4495-A3F8-1B510EE3CD8C}.Debug|x64.Build.0 = Debug|x64
		{272B0CFE-3F75-4495-A3F8-1B510EE3CD8C}.Debug|x86.ActiveCfg = Debug|Win32
		{272B0CFE-3F75-4495-A3F8-1B510EE3CD8C}.Debug|x86.Build.0 = Debug|Win32
		{272B0CFE-3F75-4495-A3F8-1B510EE3CD8C}.Release|x64.ActiveCfg = Release|x64
		{272B0CFE-3F75-4495-A3F8-1B510EE3CD8C}.Release|x64.Build.0 = Release|x64
		{272B0CFE-3F75-4495-A3F8-1B510EE3CD8C}.Release|x86.ActiveCfg = Release|Win32
		{272B0CFE-3F75-4495-A3F8-1B510EE3CD8C}.Release|x86.Build.0 = Release|Win32
		{149CAE4C-4BE9-4B96-9344-77C3580EA693}.Debug|x64.ActiveCfg = Debug|x64
		{149CAE4C-4BE9-4B96-9344-77C3580EA693}.Debug|x64.Build.0 = Debug|x64
		{149CAE4C-4BE9-4B96-9344-77C3580EA693}.Debug|x86.ActiveCfg = Debug|Win32
		{149CAE4C-4BE9-4B96-9344-77C3580EA693}.Debug|x86.Build.0 = Debug|Win32
		{149CAE4C-4BE9-4B96-9344-77C3580EA693}.Release|x64.ActiveCfg = Release|x64
		{149CAE4C-4BE9-4B96-9344-77C3580EA693}.Release|x64.Build.0 = Release|x64
		{149CAE4C-4BE9-4B96-9344-77C3580EA693}.Release|x86.ActiveCfg = Release|Win32
		{149CAE4C-4BE9-4B96-9344-77C3580EA693}.Release|x86.Build.0 = Release|Win32
		{722AD0C9-3C7F-447C-937C-44540170B178}.Debug|x64.ActiveCfg = Debug|x64
		{722AD0C9-3C7F-447C-937C-44540170B178}.Debug|x64.Build.0 = Debug|x64
		{722AD0C9-3C7F-447C-937C-44540170B178}.Debug|x86.ActiveCfg = Debug|Win32
		{722AD0C9-3C7F-447C-937C-44540170B178}.Debug|x86.Build.0 = Debug|Win32
		{722AD0C9-3C7F-447C-937C-44540170B178}.Release|x64.ActiveCfg = Release|x64
		{722AD0C9-3C7F-447C-937C-44540170B178}.Release|x64.Build.0 = Release|x64
		{722AD0C9-3C7F-447C-937C-44540170B178}.Release|x86.ActiveCfg = Release|Win32
		{722AD0C9-3C7F-447C-937C-44540170B178}.Release|x86.Build.0 = Release|Win32
		{80877F03-7489-49B7-99A4-D6EEF6273E92}.Debug|x64.ActiveCfg = Debug|x64
		{80877F03-7489-49B7-99A4-D6EEF6273E92}.Debug|x64.Build.0 = Debug|x64
		{80877F03-7489-49B7-99A4-D6EEF6273E92}.Debug|x86.ActiveCfg = Debug|Win32
		{80877F03-7489-49B7-99A4-D6EEF6273E92}.Debug|x86.Build.0 = Debug|Win32
		{80877F03-7489-49B7-99A4-D6EEF6273E92}.Release|x64.ActiveCfg = Release|x64
		{80877F03-7489-49B7-99A4-D6EEF6273E92}.Release|x64.Build.0 = Release|x64
		{80877F03-7489-49B7-99A4-D6EEF6273E92}.Release|x86.ActiveCfg = Release|Win32
		{80877F03-7489-49B7-99A4-D6EEF6273E92}.Release|x86.Build.0 = Release|Win32
		{F5B67555-2A1C-42D2-83C8-AE8D3825324D}.Debug|x64.ActiveCfg = Debug|x64
		{F5B67555-2A1C-42D2-83C8-AE8D3825324D}.Debug|x64.Build.0 = Debug|x64
		{F5B67555-2A1C-42D2-83C8-AE8D3825324D}.Debug|x86.ActiveCfg = Debug|Win32
		{F5B67555-2A1C-42D2-83C8-AE8D3825324D}.Debug|x86.Build.0 = Debug|Win32
		{F5B67555-2A1C-42D2-83C8-AE8D3825324D}.Release|x64.ActiveCfg = Release|x64
		{F5B67555-2A1C-42D2-83C8-AE8D3825324D}.Release|x64.Build.0 = Release|x64
		{F5B67555-2A1C-42D2-83C8-AE8D3825324D}.Release|x86.ActiveCfg = Release|Win32
		{F5B67555-2A1C-42D2-83C8-AE8D3825324D}.Release|x86.Build.0 = Release|Win32
		{4512E8E0-BD10-4347-B542-AC3C66453C57}.Debug|x64.ActiveCfg = Debug|x64
		{4512E8E0-BD10-4347-B542-AC3C66453C57}.Debug|x64.Build.0 = Debug|x64
		{4512E8E0-BD10-4347-B542-AC3C66453C57}.Debug|x86.ActiveCfg = Debug|Win32
		{4512E8E0-BD10-4347-B542-AC3C66453C57}.Debug|x86.Build.0 = Debug|Win32
		{4512E8E0-BD10-4347-B542-AC3C66453C57}.Release|x64.ActiveCfg = Release|x64
		{4512E8E0-BD10-4347-B542-AC3C66453C57}.Release|x64.Build.0 = Release|x64
		{4512E8E0-BD10-4347-B542-AC3C66453C57}.Release|x86.ActiveCfg = Release|Win32
		{4512E8E0-BD10-4347-B542-AC3C66453C57}.Release|x86.Build.0 = Release|Win32
		{580E0521-D895-4DD8-9992-FB0C64944705}.Debug|x64.ActiveCfg = Debug|x64
		{580E0521-D895-4DD8-9992-FB0C64944705}.Debug|x64.Build.0 = Debug|x64
		{580E0521-D895-4DD8-9992-FB0C64944705}.Debug|x86.ActiveCfg = Debug|Win32
		{580E0521-D895-4DD8-9992-FB0C64944705}.Debug|x86.Build.0 = Debug|Win32
		{580E0521-D895-4DD8-9992-FB0C64944705}.Release|x64.ActiveCfg = Release|x64
		{580E0521-D895-4DD8-9992-FB0C64944705}.Release|x64.Build.0 = Release|x64
		{580E0521-D895-4DD8-9992-FB0C64944705}.Release|x86.ActiveCfg = Release|Win32
		{580E0521-D895-4DD8-9992-FB0C64944705}.Release|x86.Build.0 = Release|Win32
	EndGlobalSection
	GlobalSection(SolutionProperties) = preSolution
		HideSolutionNode = FALSE
	EndGlobalSection
	GlobalSection(ExtensibilityGlobals) = postSolution
		SolutionGuid = {0C4104D5-1661-4456-9591-E8E749B8248F}
	EndGlobalSection
EndGlobal
