
Microsoft Visual Studio Solution File, Format Version 12.00
# Visual Studio Version 17
VisualStudioVersion = 17.10.35122.118
MinimumVisualStudioVersion = 10.0.40219.1
Project("{8BC9CEB8-8B4A-11D0-8D11-00A0C91BC942}") = "Problem01", "Problem1\Problem1.vcxproj", "{C1D6A4DB-79ED-4F17-95A3-6E56B57D59F7}"
EndProject
Project("{8BC9CEB8-8B4A-11D0-8D11-00A0C91BC942}") = "Problem02", "Problem2\Problem2.vcxproj", "{22ED092A-D172-438B-A55C-DB7521FA8430}"
EndProject
Project("{8BC9CEB8-8B4A-11D0-8D11-00A0C91BC942}") = "Problem03", "Problem3\Problem3.vcxproj", "{7AFF9BAF-FF44-421C-A755-A81DA68F41E3}"
EndProject
Project("{8BC9CEB8-8B4A-11D0-8D11-00A0C91BC942}") = "Problem04", "Problem4\Problem4.vcxproj", "{84A2CF62-FED4-4406-B348-39574CE3E421}"
EndProject
Project("{8BC9CEB8-8B4A-11D0-8D11-00A0C91BC942}") = "Problem05", "Problem5\Problem5.vcxproj", "{3674976E-8ADA-491A-869E-FA16B8B4BF95}"
EndProject
Project("{8BC9CEB8-8B4A-11D0-8D11-00A0C91BC942}") = "Problem06", "Problem6\Problem6.vcxproj", "{F21E409A-B2A2-4703-A210-7EB55C72410F}"
EndProject
Project("{8BC9CEB8-8B4A-11D0-8D11-00A0C91BC942}") = "Problem07", "Problem7\Problem7.vcxproj", "{AD6C5537-2C85-49FC-AEAF-4734847A915A}"
EndProject
Project("{8BC9CEB8-8B4A-11D0-8D11-00A0C91BC942}") = "Problem08", "Problem8\Problem8.vcxproj", "{22669AE9-98A8-40D2-8793-4E99DE998380}"
EndProject
Project("{8BC9CEB8-8B4A-11D0-8D11-00A0C91BC942}") = "Problem09", "Problem9\Problem9.vcxproj", "{E5F6233C-1171-4334-9350-5567699E04B4}"
EndProject
Project("{8BC9CEB8-8B4A-11D0-8D11-00A0C91BC942}") = "Problem10", "Problem10\Problem10.vcxproj", "{2F62CE27-F6C6-415F-8A79-23F8D1F9492C}"
EndProject
Project("{8BC9CEB8-8B4A-11D0-8D11-00A0C91BC942}") = "Problem11", "Problem11\Problem11.vcxproj", "{1A303C5E-F4F9-410A-9392-B168B1413EFD}"
EndProject
Project("{8BC9CEB8-8B4A-11D0-8D11-00A0C91BC942}") = "Problem12", "Problem12\Problem12.vcxproj", "{A0A243C7-2E01-46B9-AE7A-A64387A5E991}"
EndProject
Project("{8BC9CEB8-8B4A-11D0-8D11-00A0C91BC942}") = "Problem13", "Problem13\Problem13.vcxproj", "{5D8344E7-2E40-4806-BDB9-D3FD06DEC500}"
EndProject
Global
	GlobalSection(SolutionConfigurationPlatforms) = preSolution
		Debug|x64 = Debug|x64
		Debug|x86 = Debug|x86
		Release|x64 = Release|x64
		Release|x86 = Release|x86
	EndGlobalSection
	GlobalSection(ProjectConfigurationPlatforms) = postSolution
		{C1D6A4DB-79ED-4F17-95A3-6E56B57D59F7}.Debug|x64.ActiveCfg = Debug|x64
		{C1D6A4DB-79ED-4F17-95A3-6E56B57D59F7}.Debug|x64.Build.0 = Debug|x64
		{C1D6A4DB-79ED-4F17-95A3-6E56B57D59F7}.Debug|x86.ActiveCfg = Debug|Win32
		{C1D6A4DB-79ED-4F17-95A3-6E56B57D59F7}.Debug|x86.Build.0 = Debug|Win32
		{C1D6A4DB-79ED-4F17-95A3-6E56B57D59F7}.Release|x64.ActiveCfg = Release|x64
		{C1D6A4DB-79ED-4F17-95A3-6E56B57D59F7}.Release|x64.Build.0 = Release|x64
		{C1D6A4DB-79ED-4F17-95A3-6E56B57D59F7}.Release|x86.ActiveCfg = Release|Win32
		{C1D6A4DB-79ED-4F17-95A3-6E56B57D59F7}.Release|x86.Build.0 = Release|Win32
		{22ED092A-D172-438B-A55C-DB7521FA8430}.Debug|x64.ActiveCfg = Debug|x64
		{22ED092A-D172-438B-A55C-DB7521FA8430}.Debug|x64.Build.0 = Debug|x64
		{22ED092A-D172-438B-A55C-DB7521FA8430}.Debug|x86.ActiveCfg = Debug|Win32
		{22ED092A-D172-438B-A55C-DB7521FA8430}.Debug|x86.Build.0 = Debug|Win32
		{22ED092A-D172-438B-A55C-DB7521FA8430}.Release|x64.ActiveCfg = Release|x64
		{22ED092A-D172-438B-A55C-DB7521FA8430}.Release|x64.Build.0 = Release|x64
		{22ED092A-D172-438B-A55C-DB7521FA8430}.Release|x86.ActiveCfg = Release|Win32
		{22ED092A-D172-438B-A55C-DB7521FA8430}.Release|x86.Build.0 = Release|Win32
		{7AFF9BAF-FF44-421C-A755-A81DA68F41E3}.Debug|x64.ActiveCfg = Debug|x64
		{7AFF9BAF-FF44-421C-A755-A81DA68F41E3}.Debug|x64.Build.0 = Debug|x64
		{7AFF9BAF-FF44-421C-A755-A81DA68F41E3}.Debug|x86.ActiveCfg = Debug|Win32
		{7AFF9BAF-FF44-421C-A755-A81DA68F41E3}.Debug|x86.Build.0 = Debug|Win32
		{7AFF9BAF-FF44-421C-A755-A81DA68F41E3}.Release|x64.ActiveCfg = Release|x64
		{7AFF9BAF-FF44-421C-A755-A81DA68F41E3}.Release|x64.Build.0 = Release|x64
		{7AFF9BAF-FF44-421C-A755-A81DA68F41E3}.Release|x86.ActiveCfg = Release|Win32
		{7AFF9BAF-FF44-421C-A755-A81DA68F41E3}.Release|x86.Build.0 = Release|Win32
		{84A2CF62-FED4-4406-B348-39574CE3E421}.Debug|x64.ActiveCfg = Debug|x64
		{84A2CF62-FED4-4406-B348-39574CE3E421}.Debug|x64.Build.0 = Debug|x64
		{84A2CF62-FED4-4406-B348-39574CE3E421}.Debug|x86.ActiveCfg = Debug|Win32
		{84A2CF62-FED4-4406-B348-39574CE3E421}.Debug|x86.Build.0 = Debug|Win32
		{84A2CF62-FED4-4406-B348-39574CE3E421}.Release|x64.ActiveCfg = Release|x64
		{84A2CF62-FED4-4406-B348-39574CE3E421}.Release|x64.Build.0 = Release|x64
		{84A2CF62-FED4-4406-B348-39574CE3E421}.Release|x86.ActiveCfg = Release|Win32
		{84A2CF62-FED4-4406-B348-39574CE3E421}.Release|x86.Build.0 = Release|Win32
		{3674976E-8ADA-491A-869E-FA16B8B4BF95}.Debug|x64.ActiveCfg = Debug|x64
		{3674976E-8ADA-491A-869E-FA16B8B4BF95}.Debug|x64.Build.0 = Debug|x64
		{3674976E-8ADA-491A-869E-FA16B8B4BF95}.Debug|x86.ActiveCfg = Debug|Win32
		{3674976E-8ADA-491A-869E-FA16B8B4BF95}.Debug|x86.Build.0 = Debug|Win32
		{3674976E-8ADA-491A-869E-FA16B8B4BF95}.Release|x64.ActiveCfg = Release|x64
		{3674976E-8ADA-491A-869E-FA16B8B4BF95}.Release|x64.Build.0 = Release|x64
		{3674976E-8ADA-491A-869E-FA16B8B4BF95}.Release|x86.ActiveCfg = Release|Win32
		{3674976E-8ADA-491A-869E-FA16B8B4BF95}.Release|x86.Build.0 = Release|Win32
		{F21E409A-B2A2-4703-A210-7EB55C72410F}.Debug|x64.ActiveCfg = Debug|x64
		{F21E409A-B2A2-4703-A210-7EB55C72410F}.Debug|x64.Build.0 = Debug|x64
		{F21E409A-B2A2-4703-A210-7EB55C72410F}.Debug|x86.ActiveCfg = Debug|Win32
		{F21E409A-B2A2-4703-A210-7EB55C72410F}.Debug|x86.Build.0 = Debug|Win32
		{F21E409A-B2A2-4703-A210-7EB55C72410F}.Release|x64.ActiveCfg = Release|x64
		{F21E409A-B2A2-4703-A210-7EB55C72410F}.Release|x64.Build.0 = Release|x64
		{F21E409A-B2A2-4703-A210-7EB55C72410F}.Release|x86.ActiveCfg = Release|Win32
		{F21E409A-B2A2-4703-A210-7EB55C72410F}.Release|x86.Build.0 = Release|Win32
		{AD6C5537-2C85-49FC-AEAF-4734847A915A}.Debug|x64.ActiveCfg = Debug|x64
		{AD6C5537-2C85-49FC-AEAF-4734847A915A}.Debug|x64.Build.0 = Debug|x64
		{AD6C5537-2C85-49FC-AEAF-4734847A915A}.Debug|x86.ActiveCfg = Debug|Win32
		{AD6C5537-2C85-49FC-AEAF-4734847A915A}.Debug|x86.Build.0 = Debug|Win32
		{AD6C5537-2C85-49FC-AEAF-4734847A915A}.Release|x64.ActiveCfg = Release|x64
		{AD6C5537-2C85-49FC-AEAF-4734847A915A}.Release|x64.Build.0 = Release|x64
		{AD6C5537-2C85-49FC-AEAF-4734847A915A}.Release|x86.ActiveCfg = Release|Win32
		{AD6C5537-2C85-49FC-AEAF-4734847A915A}.Release|x86.Build.0 = Release|Win32
		{22669AE9-98A8-40D2-8793-4E99DE998380}.Debug|x64.ActiveCfg = Debug|x64
		{22669AE9-98A8-40D2-8793-4E99DE998380}.Debug|x64.Build.0 = Debug|x64
		{22669AE9-98A8-40D2-8793-4E99DE998380}.Debug|x86.ActiveCfg = Debug|Win32
		{22669AE9-98A8-40D2-8793-4E99DE998380}.Debug|x86.Build.0 = Debug|Win32
		{22669AE9-98A8-40D2-8793-4E99DE998380}.Release|x64.ActiveCfg = Release|x64
		{22669AE9-98A8-40D2-8793-4E99DE998380}.Release|x64.Build.0 = Release|x64
		{22669AE9-98A8-40D2-8793-4E99DE998380}.Release|x86.ActiveCfg = Release|Win32
		{22669AE9-98A8-40D2-8793-4E99DE998380}.Release|x86.Build.0 = Release|Win32
		{E5F6233C-1171-4334-9350-5567699E04B4}.Debug|x64.ActiveCfg = Debug|x64
		{E5F6233C-1171-4334-9350-5567699E04B4}.Debug|x64.Build.0 = Debug|x64
		{E5F6233C-1171-4334-9350-5567699E04B4}.Debug|x86.ActiveCfg = Debug|Win32
		{E5F6233C-1171-4334-9350-5567699E04B4}.Debug|x86.Build.0 = Debug|Win32
		{E5F6233C-1171-4334-9350-5567699E04B4}.Release|x64.ActiveCfg = Release|x64
		{E5F6233C-1171-4334-9350-5567699E04B4}.Release|x64.Build.0 = Release|x64
		{E5F6233C-1171-4334-9350-5567699E04B4}.Release|x86.ActiveCfg = Release|Win32
		{E5F6233C-1171-4334-9350-5567699E04B4}.Release|x86.Build.0 = Release|Win32
		{2F62CE27-F6C6-415F-8A79-23F8D1F9492C}.Debug|x64.ActiveCfg = Debug|x64
		{2F62CE27-F6C6-415F-8A79-23F8D1F9492C}.Debug|x64.Build.0 = Debug|x64
		{2F62CE27-F6C6-415F-8A79-23F8D1F9492C}.Debug|x86.ActiveCfg = Debug|Win32
		{2F62CE27-F6C6-415F-8A79-23F8D1F9492C}.Debug|x86.Build.0 = Debug|Win32
		{2F62CE27-F6C6-415F-8A79-23F8D1F9492C}.Release|x64.ActiveCfg = Release|x64
		{2F62CE27-F6C6-415F-8A79-23F8D1F9492C}.Release|x64.Build.0 = Release|x64
		{2F62CE27-F6C6-415F-8A79-23F8D1F9492C}.Release|x86.ActiveCfg = Release|Win32
		{2F62CE27-F6C6-415F-8A79-23F8D1F9492C}.Release|x86.Build.0 = Release|Win32
		{1A303C5E-F4F9-410A-9392-B168B1413EFD}.Debug|x64.ActiveCfg = Debug|x64
		{1A303C5E-F4F9-410A-9392-B168B1413EFD}.Debug|x64.Build.0 = Debug|x64
		{1A303C5E-F4F9-410A-9392-B168B1413EFD}.Debug|x86.ActiveCfg = Debug|Win32
		{1A303C5E-F4F9-410A-9392-B168B1413EFD}.Debug|x86.Build.0 = Debug|Win32
		{1A303C5E-F4F9-410A-9392-B168B1413EFD}.Release|x64.ActiveCfg = Release|x64
		{1A303C5E-F4F9-410A-9392-B168B1413EFD}.Release|x64.Build.0 = Release|x64
		{1A303C5E-F4F9-410A-9392-B168B1413EFD}.Release|x86.ActiveCfg = Release|Win32
		{1A303C5E-F4F9-410A-9392-B168B1413EFD}.Release|x86.Build.0 = Release|Win32
		{A0A243C7-2E01-46B9-AE7A-A64387A5E991}.Debug|x64.ActiveCfg = Debug|x64
		{A0A243C7-2E01-46B9-AE7A-A64387A5E991}.Debug|x64.Build.0 = Debug|x64
		{A0A243C7-2E01-46B9-AE7A-A64387A5E991}.Debug|x86.ActiveCfg = Debug|Win32
		{A0A243C7-2E01-46B9-AE7A-A64387A5E991}.Debug|x86.Build.0 = Debug|Win32
		{A0A243C7-2E01-46B9-AE7A-A64387A5E991}.Release|x64.ActiveCfg = Release|x64
		{A0A243C7-2E01-46B9-AE7A-A64387A5E991}.Release|x64.Build.0 = Release|x64
		{A0A243C7-2E01-46B9-AE7A-A64387A5E991}.Release|x86.ActiveCfg = Release|Win32
		{A0A243C7-2E01-46B9-AE7A-A64387A5E991}.Release|x86.Build.0 = Release|Win32
		{5D8344E7-2E40-4806-BDB9-D3FD06DEC500}.Debug|x64.ActiveCfg = Debug|x64
		{5D8344E7-2E40-4806-BDB9-D3FD06DEC500}.Debug|x64.Build.0 = Debug|x64
		{5D8344E7-2E40-4806-BDB9-D3FD06DEC500}.Debug|x86.ActiveCfg = Debug|Win32
		{5D8344E7-2E40-4806-BDB9-D3FD06DEC500}.Debug|x86.Build.0 = Debug|Win32
		{5D8344E7-2E40-4806-BDB9-D3FD06DEC500}.Release|x64.ActiveCfg = Release|x64
		{5D8344E7-2E40-4806-BDB9-D3FD06DEC500}.Release|x64.Build.0 = Release|x64
		{5D8344E7-2E40-4806-BDB9-D3FD06DEC500}.Release|x86.ActiveCfg = Release|Win32
		{5D8344E7-2E40-4806-BDB9-D3FD06DEC500}.Release|x86.Build.0 = Release|Win32
	EndGlobalSection
	GlobalSection(SolutionProperties) = preSolution
		HideSolutionNode = FALSE
	EndGlobalSection
	GlobalSection(ExtensibilityGlobals) = postSolution
		SolutionGuid = {0C4104D5-1661-4456-9591-E8E749B8248F}
	EndGlobalSection
EndGlobal
